// !$*UTF8*$!
{
	archiveVersion = 1;
	classes = {
	};
	objectVersion = 46;
	objects = {

/* Begin PBXBuildFile section */
		8D3DAF3214DE254C0005D3D5 /* UIKit.framework in Frameworks */ = {isa = PBXBuildFile; fileRef = 8D3DAF3114DE254C0005D3D5 /* UIKit.framework */; };
		8D3DAF3414DE254C0005D3D5 /* Foundation.framework in Frameworks */ = {isa = PBXBuildFile; fileRef = 8D3DAF3314DE254C0005D3D5 /* Foundation.framework */; };
		8D3DAF3614DE254C0005D3D5 /* CoreGraphics.framework in Frameworks */ = {isa = PBXBuildFile; fileRef = 8D3DAF3514DE254C0005D3D5 /* CoreGraphics.framework */; };
		8D3DAF3C14DE254C0005D3D5 /* InfoPlist.strings in Resources */ = {isa = PBXBuildFile; fileRef = 8D3DAF3A14DE254C0005D3D5 /* InfoPlist.strings */; };
		8D3DAF3E14DE254C0005D3D5 /* main.m in Sources */ = {isa = PBXBuildFile; fileRef = 8D3DAF3D14DE254C0005D3D5 /* main.m */; };
		8D3DAF4214DE254C0005D3D5 /* irTorrentAppDelegate.m in Sources */ = {isa = PBXBuildFile; fileRef = 8D3DAF4114DE254C0005D3D5 /* irTorrentAppDelegate.m */; };
		8D3DAF4514DE254C0005D3D5 /* MainWindow.xib in Resources */ = {isa = PBXBuildFile; fileRef = 8D3DAF4314DE254C0005D3D5 /* MainWindow.xib */; };
		8D3DAF4814DE254C0005D3D5 /* RootViewController.m in Sources */ = {isa = PBXBuildFile; fileRef = 8D3DAF4714DE254C0005D3D5 /* RootViewController.m */; };
		8D3DAF4B14DE254D0005D3D5 /* RootViewController.xib in Resources */ = {isa = PBXBuildFile; fileRef = 8D3DAF4914DE254D0005D3D5 /* RootViewController.xib */; };
		8D3DAF5314DE254D0005D3D5 /* SenTestingKit.framework in Frameworks */ = {isa = PBXBuildFile; fileRef = 8D3DAF5214DE254D0005D3D5 /* SenTestingKit.framework */; };
		8D3DAF5414DE254D0005D3D5 /* UIKit.framework in Frameworks */ = {isa = PBXBuildFile; fileRef = 8D3DAF3114DE254C0005D3D5 /* UIKit.framework */; };
		8D3DAF5514DE254D0005D3D5 /* Foundation.framework in Frameworks */ = {isa = PBXBuildFile; fileRef = 8D3DAF3314DE254C0005D3D5 /* Foundation.framework */; };
		8D3DAF5614DE254D0005D3D5 /* CoreGraphics.framework in Frameworks */ = {isa = PBXBuildFile; fileRef = 8D3DAF3514DE254C0005D3D5 /* CoreGraphics.framework */; };
		8D3DAF5E14DE254D0005D3D5 /* InfoPlist.strings in Resources */ = {isa = PBXBuildFile; fileRef = 8D3DAF5C14DE254D0005D3D5 /* InfoPlist.strings */; };
		8D3DAF6014DE254E0005D3D5 /* irTorrentTests.h in Resources */ = {isa = PBXBuildFile; fileRef = 8D3DAF5F14DE254E0005D3D5 /* irTorrentTests.h */; };
		8D3DAF6214DE254E0005D3D5 /* irTorrentTests.m in Sources */ = {isa = PBXBuildFile; fileRef = 8D3DAF6114DE254E0005D3D5 /* irTorrentTests.m */; };
		8D3DAF7214DE25B60005D3D5 /* MainWindow-iPad.xib in Resources */ = {isa = PBXBuildFile; fileRef = 8D3DAF7014DE25B60005D3D5 /* MainWindow-iPad.xib */; };
/* End PBXBuildFile section */

/* Begin PBXContainerItemProxy section */
		8D3DAF5714DE254D0005D3D5 /* PBXContainerItemProxy */ = {
			isa = PBXContainerItemProxy;
			containerPortal = 8D3DAF2414DE254B0005D3D5 /* Project object */;
			proxyType = 1;
			remoteGlobalIDString = 8D3DAF2C14DE254C0005D3D5;
			remoteInfo = irTorrent;
		};
/* End PBXContainerItemProxy section */

/* Begin PBXFileReference section */
		8D3DAF2D14DE254C0005D3D5 /* irTorrent.app */ = {isa = PBXFileReference; explicitFileType = wrapper.application; includeInIndex = 0; path = irTorrent.app; sourceTree = BUILT_PRODUCTS_DIR; };
		8D3DAF3114DE254C0005D3D5 /* UIKit.framework */ = {isa = PBXFileReference; lastKnownFileType = wrapper.framework; name = UIKit.framework; path = System/Library/Frameworks/UIKit.framework; sourceTree = SDKROOT; };
		8D3DAF3314DE254C0005D3D5 /* Foundation.framework */ = {isa = PBXFileReference; lastKnownFileType = wrapper.framework; name = Foundation.framework; path = System/Library/Frameworks/Foundation.framework; sourceTree = SDKROOT; };
		8D3DAF3514DE254C0005D3D5 /* CoreGraphics.framework */ = {isa = PBXFileReference; lastKnownFileType = wrapper.framework; name = CoreGraphics.framework; path = System/Library/Frameworks/CoreGraphics.framework; sourceTree = SDKROOT; };
		8D3DAF3914DE254C0005D3D5 /* irTorrent-Info.plist */ = {isa = PBXFileReference; lastKnownFileType = text.plist.xml; path = "irTorrent-Info.plist"; sourceTree = "<group>"; };
		8D3DAF3B14DE254C0005D3D5 /* en */ = {isa = PBXFileReference; lastKnownFileType = text.plist.strings; name = en; path = en.lproj/InfoPlist.strings; sourceTree = "<group>"; };
		8D3DAF3D14DE254C0005D3D5 /* main.m */ = {isa = PBXFileReference; lastKnownFileType = sourcecode.c.objc; path = main.m; sourceTree = "<group>"; };
		8D3DAF3F14DE254C0005D3D5 /* irTorrent-Prefix.pch */ = {isa = PBXFileReference; lastKnownFileType = sourcecode.c.h; path = "irTorrent-Prefix.pch"; sourceTree = "<group>"; };
		8D3DAF4014DE254C0005D3D5 /* irTorrentAppDelegate.h */ = {isa = PBXFileReference; lastKnownFileType = sourcecode.c.h; path = irTorrentAppDelegate.h; sourceTree = "<group>"; };
		8D3DAF4114DE254C0005D3D5 /* irTorrentAppDelegate.m */ = {isa = PBXFileReference; lastKnownFileType = sourcecode.c.objc; path = irTorrentAppDelegate.m; sourceTree = "<group>"; };
		8D3DAF4414DE254C0005D3D5 /* en */ = {isa = PBXFileReference; lastKnownFileType = file.xib; name = en; path = en.lproj/MainWindow.xib; sourceTree = "<group>"; };
		8D3DAF4614DE254C0005D3D5 /* RootViewController.h */ = {isa = PBXFileReference; lastKnownFileType = sourcecode.c.h; path = RootViewController.h; sourceTree = "<group>"; };
		8D3DAF4714DE254C0005D3D5 /* RootViewController.m */ = {isa = PBXFileReference; lastKnownFileType = sourcecode.c.objc; path = RootViewController.m; sourceTree = "<group>"; };
		8D3DAF4A14DE254D0005D3D5 /* en */ = {isa = PBXFileReference; lastKnownFileType = file.xib; name = en; path = en.lproj/RootViewController.xib; sourceTree = "<group>"; };
		8D3DAF5114DE254D0005D3D5 /* irTorrentTests.octest */ = {isa = PBXFileReference; explicitFileType = wrapper.cfbundle; includeInIndex = 0; path = irTorrentTests.octest; sourceTree = BUILT_PRODUCTS_DIR; };
		8D3DAF5214DE254D0005D3D5 /* SenTestingKit.framework */ = {isa = PBXFileReference; lastKnownFileType = wrapper.framework; name = SenTestingKit.framework; path = Library/Frameworks/SenTestingKit.framework; sourceTree = DEVELOPER_DIR; };
		8D3DAF5B14DE254D0005D3D5 /* irTorrentTests-Info.plist */ = {isa = PBXFileReference; lastKnownFileType = text.plist.xml; path = "irTorrentTests-Info.plist"; sourceTree = "<group>"; };
		8D3DAF5D14DE254D0005D3D5 /* en */ = {isa = PBXFileReference; lastKnownFileType = text.plist.strings; name = en; path = en.lproj/InfoPlist.strings; sourceTree = "<group>"; };
		8D3DAF5F14DE254E0005D3D5 /* irTorrentTests.h */ = {isa = PBXFileReference; lastKnownFileType = sourcecode.c.h; path = irTorrentTests.h; sourceTree = "<group>"; };
		8D3DAF6114DE254E0005D3D5 /* irTorrentTests.m */ = {isa = PBXFileReference; lastKnownFileType = sourcecode.c.objc; path = irTorrentTests.m; sourceTree = "<group>"; };
		8D3DAF7114DE25B60005D3D5 /* en */ = {isa = PBXFileReference; lastKnownFileType = file.xib; name = en; path = "iPad/en.lproj/MainWindow-iPad.xib"; sourceTree = "<group>"; };
/* End PBXFileReference section */

/* Begin PBXFrameworksBuildPhase section */
		8D3DAF2A14DE254C0005D3D5 /* Frameworks */ = {
			isa = PBXFrameworksBuildPhase;
			buildActionMask = 2147483647;
			files = (
				8D3DAF3214DE254C0005D3D5 /* UIKit.framework in Frameworks */,
				8D3DAF3414DE254C0005D3D5 /* Foundation.framework in Frameworks */,
				8D3DAF3614DE254C0005D3D5 /* CoreGraphics.framework in Frameworks */,
			);
			runOnlyForDeploymentPostprocessing = 0;
		};
		8D3DAF4D14DE254D0005D3D5 /* Frameworks */ = {
			isa = PBXFrameworksBuildPhase;
			buildActionMask = 2147483647;
			files = (
				8D3DAF5314DE254D0005D3D5 /* SenTestingKit.framework in Frameworks */,
				8D3DAF5414DE254D0005D3D5 /* UIKit.framework in Frameworks */,
				8D3DAF5514DE254D0005D3D5 /* Foundation.framework in Frameworks */,
				8D3DAF5614DE254D0005D3D5 /* CoreGraphics.framework in Frameworks */,
			);
			runOnlyForDeploymentPostprocessing = 0;
		};
/* End PBXFrameworksBuildPhase section */

/* Begin PBXGroup section */
		8D3DAF2214DE254B0005D3D5 = {
			isa = PBXGroup;
			children = (
				8D3DAF3714DE254C0005D3D5 /* irTorrent */,
				8D3DAF5914DE254D0005D3D5 /* irTorrentTests */,
				8D3DAF3014DE254C0005D3D5 /* Frameworks */,
				8D3DAF2E14DE254C0005D3D5 /* Products */,
			);
			sourceTree = "<group>";
		};
		8D3DAF2E14DE254C0005D3D5 /* Products */ = {
			isa = PBXGroup;
			children = (
				8D3DAF2D14DE254C0005D3D5 /* irTorrent.app */,
				8D3DAF5114DE254D0005D3D5 /* irTorrentTests.octest */,
			);
			name = Products;
			sourceTree = "<group>";
		};
		8D3DAF3014DE254C0005D3D5 /* Frameworks */ = {
			isa = PBXGroup;
			children = (
				8D3DAF3114DE254C0005D3D5 /* UIKit.framework */,
				8D3DAF3314DE254C0005D3D5 /* Foundation.framework */,
				8D3DAF3514DE254C0005D3D5 /* CoreGraphics.framework */,
				8D3DAF5214DE254D0005D3D5 /* SenTestingKit.framework */,
			);
			name = Frameworks;
			sourceTree = "<group>";
		};
		8D3DAF3714DE254C0005D3D5 /* irTorrent */ = {
			isa = PBXGroup;
			children = (
				8D3DAF6F14DE25B20005D3D5 /* iPad */,
				8D3DAF6E14DE258C0005D3D5 /* Controllers */,
				8D3DAF6D14DE25840005D3D5 /* Views */,
				8D3DAF6C14DE25690005D3D5 /* Models */,
				8D3DAF6B14DE25610005D3D5 /* Vendor */,
				8D3DAF4014DE254C0005D3D5 /* irTorrentAppDelegate.h */,
				8D3DAF4114DE254C0005D3D5 /* irTorrentAppDelegate.m */,
				8D3DAF4314DE254C0005D3D5 /* MainWindow.xib */,
				8D3DAF4614DE254C0005D3D5 /* RootViewController.h */,
				8D3DAF4714DE254C0005D3D5 /* RootViewController.m */,
				8D3DAF4914DE254D0005D3D5 /* RootViewController.xib */,
				8D3DAF3814DE254C0005D3D5 /* Supporting Files */,
			);
			path = irTorrent;
			sourceTree = "<group>";
		};
		8D3DAF3814DE254C0005D3D5 /* Supporting Files */ = {
			isa = PBXGroup;
			children = (
				8D3DAF3914DE254C0005D3D5 /* irTorrent-Info.plist */,
				8D3DAF3A14DE254C0005D3D5 /* InfoPlist.strings */,
				8D3DAF3D14DE254C0005D3D5 /* main.m */,
				8D3DAF3F14DE254C0005D3D5 /* irTorrent-Prefix.pch */,
			);
			name = "Supporting Files";
			sourceTree = "<group>";
		};
		8D3DAF5914DE254D0005D3D5 /* irTorrentTests */ = {
			isa = PBXGroup;
			children = (
				8D3DAF5F14DE254E0005D3D5 /* irTorrentTests.h */,
				8D3DAF6114DE254E0005D3D5 /* irTorrentTests.m */,
				8D3DAF5A14DE254D0005D3D5 /* Supporting Files */,
			);
			path = irTorrentTests;
			sourceTree = "<group>";
		};
		8D3DAF5A14DE254D0005D3D5 /* Supporting Files */ = {
			isa = PBXGroup;
			children = (
				8D3DAF5B14DE254D0005D3D5 /* irTorrentTests-Info.plist */,
				8D3DAF5C14DE254D0005D3D5 /* InfoPlist.strings */,
			);
			name = "Supporting Files";
			sourceTree = "<group>";
		};
		8D3DAF6B14DE25610005D3D5 /* Vendor */ = {
			isa = PBXGroup;
			children = (
			);
			name = Vendor;
			sourceTree = "<group>";
		};
		8D3DAF6C14DE25690005D3D5 /* Models */ = {
			isa = PBXGroup;
			children = (
			);
			name = Models;
			sourceTree = "<group>";
		};
		8D3DAF6D14DE25840005D3D5 /* Views */ = {
			isa = PBXGroup;
			children = (
			);
			name = Views;
			sourceTree = "<group>";
		};
		8D3DAF6E14DE258C0005D3D5 /* Controllers */ = {
			isa = PBXGroup;
			children = (
			);
			name = Controllers;
			sourceTree = "<group>";
		};
		8D3DAF6F14DE25B20005D3D5 /* iPad */ = {
			isa = PBXGroup;
			children = (
				8D3DAF7014DE25B60005D3D5 /* MainWindow-iPad.xib */,
			);
			name = iPad;
			sourceTree = "<group>";
		};
/* End PBXGroup section */

/* Begin PBXNativeTarget section */
		8D3DAF2C14DE254C0005D3D5 /* irTorrent */ = {
			isa = PBXNativeTarget;
			buildConfigurationList = 8D3DAF6514DE254E0005D3D5 /* Build configuration list for PBXNativeTarget "irTorrent" */;
			buildPhases = (
				8D3DAF2914DE254C0005D3D5 /* Sources */,
				8D3DAF2A14DE254C0005D3D5 /* Frameworks */,
				8D3DAF2B14DE254C0005D3D5 /* Resources */,
			);
			buildRules = (
			);
			dependencies = (
			);
			name = irTorrent;
			productName = irTorrent;
			productReference = 8D3DAF2D14DE254C0005D3D5 /* irTorrent.app */;
			productType = "com.apple.product-type.application";
		};
		8D3DAF5014DE254D0005D3D5 /* irTorrentTests */ = {
			isa = PBXNativeTarget;
			buildConfigurationList = 8D3DAF6814DE254E0005D3D5 /* Build configuration list for PBXNativeTarget "irTorrentTests" */;
			buildPhases = (
				8D3DAF4C14DE254D0005D3D5 /* Sources */,
				8D3DAF4D14DE254D0005D3D5 /* Frameworks */,
				8D3DAF4E14DE254D0005D3D5 /* Resources */,
				8D3DAF4F14DE254D0005D3D5 /* ShellScript */,
			);
			buildRules = (
			);
			dependencies = (
				8D3DAF5814DE254D0005D3D5 /* PBXTargetDependency */,
			);
			name = irTorrentTests;
			productName = irTorrentTests;
			productReference = 8D3DAF5114DE254D0005D3D5 /* irTorrentTests.octest */;
			productType = "com.apple.product-type.bundle";
		};
/* End PBXNativeTarget section */

/* Begin PBXProject section */
		8D3DAF2414DE254B0005D3D5 /* Project object */ = {
			isa = PBXProject;
			buildConfigurationList = 8D3DAF2714DE254B0005D3D5 /* Build configuration list for PBXProject "irTorrent" */;
			compatibilityVersion = "Xcode 3.2";
			developmentRegion = English;
			hasScannedForEncodings = 0;
			knownRegions = (
				en,
			);
			mainGroup = 8D3DAF2214DE254B0005D3D5;
			productRefGroup = 8D3DAF2E14DE254C0005D3D5 /* Products */;
			projectDirPath = "";
			projectRoot = "";
			targets = (
				8D3DAF2C14DE254C0005D3D5 /* irTorrent */,
				8D3DAF5014DE254D0005D3D5 /* irTorrentTests */,
			);
		};
/* End PBXProject section */

/* Begin PBXResourcesBuildPhase section */
		8D3DAF2B14DE254C0005D3D5 /* Resources */ = {
			isa = PBXResourcesBuildPhase;
			buildActionMask = 2147483647;
			files = (
				8D3DAF3C14DE254C0005D3D5 /* InfoPlist.strings in Resources */,
				8D3DAF4514DE254C0005D3D5 /* MainWindow.xib in Resources */,
				8D3DAF4B14DE254D0005D3D5 /* RootViewController.xib in Resources */,
				8D3DAF7214DE25B60005D3D5 /* MainWindow-iPad.xib in Resources */,
			);
			runOnlyForDeploymentPostprocessing = 0;
		};
		8D3DAF4E14DE254D0005D3D5 /* Resources */ = {
			isa = PBXResourcesBuildPhase;
			buildActionMask = 2147483647;
			files = (
				8D3DAF5E14DE254D0005D3D5 /* InfoPlist.strings in Resources */,
				8D3DAF6014DE254E0005D3D5 /* irTorrentTests.h in Resources */,
			);
			runOnlyForDeploymentPostprocessing = 0;
		};
/* End PBXResourcesBuildPhase section */

/* Begin PBXShellScriptBuildPhase section */
		8D3DAF4F14DE254D0005D3D5 /* ShellScript */ = {
			isa = PBXShellScriptBuildPhase;
			buildActionMask = 2147483647;
			files = (
			);
			inputPaths = (
			);
			outputPaths = (
			);
			runOnlyForDeploymentPostprocessing = 0;
			shellPath = /bin/sh;
			shellScript = "# Run the unit tests in this test bundle.\n\"${SYSTEM_DEVELOPER_DIR}/Tools/RunUnitTests\"\n";
		};
/* End PBXShellScriptBuildPhase section */

/* Begin PBXSourcesBuildPhase section */
		8D3DAF2914DE254C0005D3D5 /* Sources */ = {
			isa = PBXSourcesBuildPhase;
			buildActionMask = 2147483647;
			files = (
				8D3DAF3E14DE254C0005D3D5 /* main.m in Sources */,
				8D3DAF4214DE254C0005D3D5 /* irTorrentAppDelegate.m in Sources */,
				8D3DAF4814DE254C0005D3D5 /* RootViewController.m in Sources */,
			);
			runOnlyForDeploymentPostprocessing = 0;
		};
		8D3DAF4C14DE254D0005D3D5 /* Sources */ = {
			isa = PBXSourcesBuildPhase;
			buildActionMask = 2147483647;
			files = (
				8D3DAF6214DE254E0005D3D5 /* irTorrentTests.m in Sources */,
			);
			runOnlyForDeploymentPostprocessing = 0;
		};
/* End PBXSourcesBuildPhase section */

/* Begin PBXTargetDependency section */
		8D3DAF5814DE254D0005D3D5 /* PBXTargetDependency */ = {
			isa = PBXTargetDependency;
			target = 8D3DAF2C14DE254C0005D3D5 /* irTorrent */;
			targetProxy = 8D3DAF5714DE254D0005D3D5 /* PBXContainerItemProxy */;
		};
/* End PBXTargetDependency section */

/* Begin PBXVariantGroup section */
		8D3DAF3A14DE254C0005D3D5 /* InfoPlist.strings */ = {
			isa = PBXVariantGroup;
			children = (
				8D3DAF3B14DE254C0005D3D5 /* en */,
			);
			name = InfoPlist.strings;
			sourceTree = "<group>";
		};
		8D3DAF4314DE254C0005D3D5 /* MainWindow.xib */ = {
			isa = PBXVariantGroup;
			children = (
				8D3DAF4414DE254C0005D3D5 /* en */,
			);
			name = MainWindow.xib;
			sourceTree = "<group>";
		};
		8D3DAF4914DE254D0005D3D5 /* RootViewController.xib */ = {
			isa = PBXVariantGroup;
			children = (
				8D3DAF4A14DE254D0005D3D5 /* en */,
			);
			name = RootViewController.xib;
			sourceTree = "<group>";
		};
		8D3DAF5C14DE254D0005D3D5 /* InfoPlist.strings */ = {
			isa = PBXVariantGroup;
			children = (
				8D3DAF5D14DE254D0005D3D5 /* en */,
			);
			name = InfoPlist.strings;
			sourceTree = "<group>";
		};
		8D3DAF7014DE25B60005D3D5 /* MainWindow-iPad.xib */ = {
			isa = PBXVariantGroup;
			children = (
				8D3DAF7114DE25B60005D3D5 /* en */,
			);
			name = "MainWindow-iPad.xib";
			sourceTree = "<group>";
		};
/* End PBXVariantGroup section */

/* Begin XCBuildConfiguration section */
		8D3DAF6314DE254E0005D3D5 /* Debug */ = {
			isa = XCBuildConfiguration;
			buildSettings = {
				ALWAYS_SEARCH_USER_PATHS = NO;
				ARCHS = "$(ARCHS_STANDARD_32_BIT)";
				"CODE_SIGN_IDENTITY[sdk=iphoneos*]" = "iPhone Developer";
				COPY_PHASE_STRIP = NO;
				GCC_C_LANGUAGE_STANDARD = gnu99;
				GCC_DYNAMIC_NO_PIC = NO;
				GCC_OPTIMIZATION_LEVEL = 0;
				GCC_PREPROCESSOR_DEFINITIONS = (
					"DEBUG=1",
					"$(inherited)",
				);
				GCC_SYMBOLS_PRIVATE_EXTERN = NO;
				GCC_VERSION = com.apple.compilers.llvmgcc42;
				GCC_WARN_ABOUT_MISSING_PROTOTYPES = YES;
				GCC_WARN_ABOUT_RETURN_TYPE = YES;
				GCC_WARN_UNUSED_VARIABLE = YES;
				IPHONEOS_DEPLOYMENT_TARGET = 4.3;
				SDKROOT = iphoneos;
			};
			name = Debug;
		};
		8D3DAF6414DE254E0005D3D5 /* Release */ = {
			isa = XCBuildConfiguration;
			buildSettings = {
				ALWAYS_SEARCH_USER_PATHS = NO;
				ARCHS = "$(ARCHS_STANDARD_32_BIT)";
				"CODE_SIGN_IDENTITY[sdk=iphoneos*]" = "iPhone Developer";
				COPY_PHASE_STRIP = YES;
				GCC_C_LANGUAGE_STANDARD = gnu99;
				GCC_VERSION = com.apple.compilers.llvmgcc42;
				GCC_WARN_ABOUT_MISSING_PROTOTYPES = YES;
				GCC_WARN_ABOUT_RETURN_TYPE = YES;
				GCC_WARN_UNUSED_VARIABLE = YES;
				IPHONEOS_DEPLOYMENT_TARGET = 4.3;
				OTHER_CFLAGS = "-DNS_BLOCK_ASSERTIONS=1";
				SDKROOT = iphoneos;
				VALIDATE_PRODUCT = YES;
			};
			name = Release;
		};
		8D3DAF6614DE254E0005D3D5 /* Debug */ = {
			isa = XCBuildConfiguration;
			buildSettings = {
				GCC_PRECOMPILE_PREFIX_HEADER = YES;
				GCC_PREFIX_HEADER = "irTorrent/irTorrent-Prefix.pch";
				INFOPLIST_FILE = "irTorrent/irTorrent-Info.plist";
				IPHONEOS_DEPLOYMENT_TARGET = 4.3;
				PRODUCT_NAME = "$(TARGET_NAME)";
				TARGETED_DEVICE_FAMILY = "1,2";
				WRAPPER_EXTENSION = app;
			};
			name = Debug;
		};
		8D3DAF6714DE254E0005D3D5 /* Release */ = {
			isa = XCBuildConfiguration;
			buildSettings = {
				GCC_PRECOMPILE_PREFIX_HEADER = YES;
				GCC_PREFIX_HEADER = "irTorrent/irTorrent-Prefix.pch";
				INFOPLIST_FILE = "irTorrent/irTorrent-Info.plist";
				IPHONEOS_DEPLOYMENT_TARGET = 4.3;
				PRODUCT_NAME = "$(TARGET_NAME)";
				TARGETED_DEVICE_FAMILY = "1,2";
				WRAPPER_EXTENSION = app;
			};
			name = Release;
		};
		8D3DAF6914DE254E0005D3D5 /* Debug */ = {
			isa = XCBuildConfiguration;
			buildSettings = {
				BUNDLE_LOADER = "$(BUILT_PRODUCTS_DIR)/irTorrent.app/irTorrent";
				FRAMEWORK_SEARCH_PATHS = (
					"$(SDKROOT)/Developer/Library/Frameworks",
					"$(DEVELOPER_LIBRARY_DIR)/Frameworks",
				);
				GCC_PRECOMPILE_PREFIX_HEADER = YES;
				GCC_PREFIX_HEADER = "irTorrent/irTorrent-Prefix.pch";
				INFOPLIST_FILE = "irTorrentTests/irTorrentTests-Info.plist";
				PRODUCT_NAME = "$(TARGET_NAME)";
				TEST_HOST = "$(BUNDLE_LOADER)";
				WRAPPER_EXTENSION = octest;
			};
			name = Debug;
		};
		8D3DAF6A14DE254E0005D3D5 /* Release */ = {
			isa = XCBuildConfiguration;
			buildSettings = {
				BUNDLE_LOADER = "$(BUILT_PRODUCTS_DIR)/irTorrent.app/irTorrent";
				FRAMEWORK_SEARCH_PATHS = (
					"$(SDKROOT)/Developer/Library/Frameworks",
					"$(DEVELOPER_LIBRARY_DIR)/Frameworks",
				);
				GCC_PRECOMPILE_PREFIX_HEADER = YES;
				GCC_PREFIX_HEADER = "irTorrent/irTorrent-Prefix.pch";
				INFOPLIST_FILE = "irTorrentTests/irTorrentTests-Info.plist";
				PRODUCT_NAME = "$(TARGET_NAME)";
				TEST_HOST = "$(BUNDLE_LOADER)";
				WRAPPER_EXTENSION = octest;
			};
			name = Release;
		};
/* End XCBuildConfiguration section */

/* Begin XCConfigurationList section */
		8D3DAF2714DE254B0005D3D5 /* Build configuration list for PBXProject "irTorrent" */ = {
			isa = XCConfigurationList;
			buildConfigurations = (
				8D3DAF6314DE254E0005D3D5 /* Debug */,
				8D3DAF6414DE254E0005D3D5 /* Release */,
			);
			defaultConfigurationIsVisible = 0;
			defaultConfigurationName = Release;
		};
		8D3DAF6514DE254E0005D3D5 /* Build configuration list for PBXNativeTarget "irTorrent" */ = {
			isa = XCConfigurationList;
			buildConfigurations = (
				8D3DAF6614DE254E0005D3D5 /* Debug */,
				8D3DAF6714DE254E0005D3D5 /* Release */,
			);
			defaultConfigurationIsVisible = 0;
		};
		8D3DAF6814DE254E0005D3D5 /* Build configuration list for PBXNativeTarget "irTorrentTests" */ = {
			isa = XCConfigurationList;
			buildConfigurations = (
				8D3DAF6914DE254E0005D3D5 /* Debug */,
				8D3DAF6A14DE254E0005D3D5 /* Release */,
			);
			defaultConfigurationIsVisible = 0;
		};
/* End XCConfigurationList section */
	};
	rootObject = 8D3DAF2414DE254B0005D3D5 /* Project object */;
}
